
Microsoft Visual Studio Solution File, Format Version 12.00
# Visual Studio Version 17
VisualStudioVersion = 17.6.33829.357
MinimumVisualStudioVersion = 10.0.40219.1
Project("{FAE04EC0-301F-11D3-BF4B-00C04F79EFBC}") = "LP3_TP3_Catania_Guerrero", "LP3_TP3_Catania_Guerrero.csproj", "{BDD28BB6-1CE3-4CAC-8938-7C75F9977AC2}"
EndProject
Global
	GlobalSection(SolutionConfigurationPlatforms) = preSolution
		Debug|Any CPU = Debug|Any CPU
		Release|Any CPU = Release|Any CPU
	EndGlobalSection
	GlobalSection(ProjectConfigurationPlatforms) = postSolution
		{BDD28BB6-1CE3-4CAC-8938-7C75F9977AC2}.Debug|Any CPU.ActiveCfg = Debug|Any CPU
		{BDD28BB6-1CE3-4CAC-8938-7C75F9977AC2}.Debug|Any CPU.Build.0 = Debug|Any CPU
		{BDD28BB6-1CE3-4CAC-8938-7C75F9977AC2}.Release|Any CPU.ActiveCfg = Release|Any CPU
		{BDD28BB6-1CE3-4CAC-8938-7C75F9977AC2}.Release|Any CPU.Build.0 = Release|Any CPU
	EndGlobalSection
	GlobalSection(SolutionProperties) = preSolution
		HideSolutionNode = FALSE
	EndGlobalSection
	GlobalSection(ExtensibilityGlobals) = postSolution
		SolutionGuid = {737E60AC-98DC-4E97-934F-2FF7AA5569FB}
	EndGlobalSection
EndGlobal
